// !$*UTF8*$!
{
	archiveVersion = 1;
	classes = {
	};
	objectVersion = 46;
	objects = {

/* Begin PBXBuildFile section */
		25BF77511F226A5000FFCF42 /* QuartzCore.framework in Frameworks */ = {isa = PBXBuildFile; fileRef = 25BF77501F226A5000FFCF42 /* QuartzCore.framework */; };
		25BF775B1F23BBB400FFCF42 /* NGNCommonConstants.m in Sources */ = {isa = PBXBuildFile; fileRef = 25BF775A1F23BBB400FFCF42 /* NGNCommonConstants.m */; };
		25BF775D1F23BBF900FFCF42 /* NGNCoreDataEntitiesNames.m in Sources */ = {isa = PBXBuildFile; fileRef = 25BF775C1F23BBF900FFCF42 /* NGNCoreDataEntitiesNames.m */; };
		25BF776E1F23ED1300FFCF42 /* NGNUser+CoreDataClass.m in Sources */ = {isa = PBXBuildFile; fileRef = 25BF775F1F23ED1300FFCF42 /* NGNUser+CoreDataClass.m */; };
		25BF776F1F23ED1300FFCF42 /* NGNUser+CoreDataProperties.m in Sources */ = {isa = PBXBuildFile; fileRef = 25BF77611F23ED1300FFCF42 /* NGNUser+CoreDataProperties.m */; };
		25BF77701F23ED1300FFCF42 /* NGNGood+CoreDataClass.m in Sources */ = {isa = PBXBuildFile; fileRef = 25BF77631F23ED1300FFCF42 /* NGNGood+CoreDataClass.m */; };
		25BF77711F23ED1300FFCF42 /* NGNGood+CoreDataProperties.m in Sources */ = {isa = PBXBuildFile; fileRef = 25BF77651F23ED1300FFCF42 /* NGNGood+CoreDataProperties.m */; };
		25BF77721F23ED1300FFCF42 /* NGNOrder+CoreDataClass.m in Sources */ = {isa = PBXBuildFile; fileRef = 25BF77671F23ED1300FFCF42 /* NGNOrder+CoreDataClass.m */; };
		25BF77731F23ED1300FFCF42 /* NGNOrder+CoreDataProperties.m in Sources */ = {isa = PBXBuildFile; fileRef = 25BF77691F23ED1300FFCF42 /* NGNOrder+CoreDataProperties.m */; };
		25BF77741F23ED1300FFCF42 /* NGNGoodsOrder+CoreDataClass.m in Sources */ = {isa = PBXBuildFile; fileRef = 25BF776B1F23ED1300FFCF42 /* NGNGoodsOrder+CoreDataClass.m */; };
		25BF77751F23ED1300FFCF42 /* NGNGoodsOrder+CoreDataProperties.m in Sources */ = {isa = PBXBuildFile; fileRef = 25BF776D1F23ED1300FFCF42 /* NGNGoodsOrder+CoreDataProperties.m */; };
		25BF77781F267AE900FFCF42 /* NGNCatalogService.m in Sources */ = {isa = PBXBuildFile; fileRef = 25BF77771F267AE900FFCF42 /* NGNCatalogService.m */; };
		25BF777B1F267CA300FFCF42 /* NGNBasicService.m in Sources */ = {isa = PBXBuildFile; fileRef = 25BF777A1F267CA300FFCF42 /* NGNBasicService.m */; };
		25BF777E1F26866F00FFCF42 /* NGNServerSideLayerConstants.m in Sources */ = {isa = PBXBuildFile; fileRef = 25BF777D1F26866F00FFCF42 /* NGNServerSideLayerConstants.m */; };
		25BF77811F27542700FFCF42 /* NGNOrderService.m in Sources */ = {isa = PBXBuildFile; fileRef = 25BF77801F27542700FFCF42 /* NGNOrderService.m */; };
		25BF77831F27543A00FFCF42 /* db.json in Resources */ = {isa = PBXBuildFile; fileRef = 25BF77821F27543A00FFCF42 /* db.json */; };
		40DCFC481F291FFE0047052F /* NSDate+NGNformattedDate.m in Sources */ = {isa = PBXBuildFile; fileRef = 40DCFC471F291FFE0047052F /* NSDate+NGNformattedDate.m */; };
		EF3480AE1F1E8D5100733E86 /* main.m in Sources */ = {isa = PBXBuildFile; fileRef = EF3480AD1F1E8D5100733E86 /* main.m */; };
		EF3480B11F1E8D5100733E86 /* AppDelegate.m in Sources */ = {isa = PBXBuildFile; fileRef = EF3480B01F1E8D5100733E86 /* AppDelegate.m */; };
		EF3480B71F1E8D5100733E86 /* Main.storyboard in Resources */ = {isa = PBXBuildFile; fileRef = EF3480B51F1E8D5100733E86 /* Main.storyboard */; };
		EF3480BA1F1E8D5100733E86 /* ShoppingCart.xcdatamodeld in Sources */ = {isa = PBXBuildFile; fileRef = EF3480B81F1E8D5100733E86 /* ShoppingCart.xcdatamodeld */; };
		EF3480BC1F1E8D5100733E86 /* Assets.xcassets in Resources */ = {isa = PBXBuildFile; fileRef = EF3480BB1F1E8D5100733E86 /* Assets.xcassets */; };
		EF3480BF1F1E8D5100733E86 /* LaunchScreen.storyboard in Resources */ = {isa = PBXBuildFile; fileRef = EF3480BD1F1E8D5100733E86 /* LaunchScreen.storyboard */; };
		EF3480D31F1F4BA300733E86 /* NGNDataBaseRuler.m in Sources */ = {isa = PBXBuildFile; fileRef = EF3480D21F1F4BA300733E86 /* NGNDataBaseRuler.m */; };
		EF34810B1F1F78D500733E86 /* NGNRootViewController.m in Sources */ = {isa = PBXBuildFile; fileRef = EF34810A1F1F78D500733E86 /* NGNRootViewController.m */; };
		EF34810E1F1FA0D600733E86 /* NGNMenuViewController.m in Sources */ = {isa = PBXBuildFile; fileRef = EF34810D1F1FA0D600733E86 /* NGNMenuViewController.m */; };
		EF3481111F1FA10E00733E86 /* NGNContentNavigationController.m in Sources */ = {isa = PBXBuildFile; fileRef = EF3481101F1FA10E00733E86 /* NGNContentNavigationController.m */; };
		EF3481141F1FA1D600733E86 /* NGNGoodsListViewController.m in Sources */ = {isa = PBXBuildFile; fileRef = EF3481131F1FA1D600733E86 /* NGNGoodsListViewController.m */; };
		EF3481171F1FA20700733E86 /* NGNCartViewController.m in Sources */ = {isa = PBXBuildFile; fileRef = EF3481161F1FA20700733E86 /* NGNCartViewController.m */; };
		EF34811A1F1FC44200733E86 /* avatar@2x.jpg in Resources */ = {isa = PBXBuildFile; fileRef = EF3481191F1FC44200733E86 /* avatar@2x.jpg */; };
		FF6B16C1067F7B7D7428F051 /* libPods-ShoppingCart.a in Frameworks */ = {isa = PBXBuildFile; fileRef = 00B188B7F3C5BD001AAF0543 /* libPods-ShoppingCart.a */; };
/* End PBXBuildFile section */

/* Begin PBXFileReference section */
		00B188B7F3C5BD001AAF0543 /* libPods-ShoppingCart.a */ = {isa = PBXFileReference; explicitFileType = archive.ar; includeInIndex = 0; path = "libPods-ShoppingCart.a"; sourceTree = BUILT_PRODUCTS_DIR; };
		198F57675726B8D120206506 /* Pods-ShoppingCart.release.xcconfig */ = {isa = PBXFileReference; includeInIndex = 1; lastKnownFileType = text.xcconfig; name = "Pods-ShoppingCart.release.xcconfig"; path = "Pods/Target Support Files/Pods-ShoppingCart/Pods-ShoppingCart.release.xcconfig"; sourceTree = "<group>"; };
		25BF77501F226A5000FFCF42 /* QuartzCore.framework */ = {isa = PBXFileReference; lastKnownFileType = wrapper.framework; name = QuartzCore.framework; path = System/Library/Frameworks/QuartzCore.framework; sourceTree = SDKROOT; };
		25BF77531F22803B00FFCF42 /* NGNCommonConstants.h */ = {isa = PBXFileReference; fileEncoding = 4; lastKnownFileType = sourcecode.c.h; name = NGNCommonConstants.h; path = Constants/NGNCommonConstants.h; sourceTree = "<group>"; };
		25BF77591F23BB0B00FFCF42 /* NGNCoreDataEntitiesNames.h */ = {isa = PBXFileReference; lastKnownFileType = sourcecode.c.h; name = NGNCoreDataEntitiesNames.h; path = Constants/NGNCoreDataEntitiesNames.h; sourceTree = "<group>"; };
		25BF775A1F23BBB400FFCF42 /* NGNCommonConstants.m */ = {isa = PBXFileReference; fileEncoding = 4; lastKnownFileType = sourcecode.c.objc; name = NGNCommonConstants.m; path = Constants/NGNCommonConstants.m; sourceTree = "<group>"; };
		25BF775C1F23BBF900FFCF42 /* NGNCoreDataEntitiesNames.m */ = {isa = PBXFileReference; fileEncoding = 4; lastKnownFileType = sourcecode.c.objc; name = NGNCoreDataEntitiesNames.m; path = Constants/NGNCoreDataEntitiesNames.m; sourceTree = "<group>"; };
		25BF775E1F23ED1300FFCF42 /* NGNUser+CoreDataClass.h */ = {isa = PBXFileReference; fileEncoding = 4; lastKnownFileType = sourcecode.c.h; name = "NGNUser+CoreDataClass.h"; path = "Model/StorageLayer/Model/NGNUser+CoreDataClass.h"; sourceTree = "<group>"; };
		25BF775F1F23ED1300FFCF42 /* NGNUser+CoreDataClass.m */ = {isa = PBXFileReference; fileEncoding = 4; lastKnownFileType = sourcecode.c.objc; name = "NGNUser+CoreDataClass.m"; path = "Model/StorageLayer/Model/NGNUser+CoreDataClass.m"; sourceTree = "<group>"; };
		25BF77601F23ED1300FFCF42 /* NGNUser+CoreDataProperties.h */ = {isa = PBXFileReference; fileEncoding = 4; lastKnownFileType = sourcecode.c.h; name = "NGNUser+CoreDataProperties.h"; path = "Model/StorageLayer/Model/NGNUser+CoreDataProperties.h"; sourceTree = "<group>"; };
		25BF77611F23ED1300FFCF42 /* NGNUser+CoreDataProperties.m */ = {isa = PBXFileReference; fileEncoding = 4; lastKnownFileType = sourcecode.c.objc; name = "NGNUser+CoreDataProperties.m"; path = "Model/StorageLayer/Model/NGNUser+CoreDataProperties.m"; sourceTree = "<group>"; };
		25BF77621F23ED1300FFCF42 /* NGNGood+CoreDataClass.h */ = {isa = PBXFileReference; fileEncoding = 4; lastKnownFileType = sourcecode.c.h; name = "NGNGood+CoreDataClass.h"; path = "Model/StorageLayer/Model/NGNGood+CoreDataClass.h"; sourceTree = "<group>"; };
		25BF77631F23ED1300FFCF42 /* NGNGood+CoreDataClass.m */ = {isa = PBXFileReference; fileEncoding = 4; lastKnownFileType = sourcecode.c.objc; name = "NGNGood+CoreDataClass.m"; path = "Model/StorageLayer/Model/NGNGood+CoreDataClass.m"; sourceTree = "<group>"; };
		25BF77641F23ED1300FFCF42 /* NGNGood+CoreDataProperties.h */ = {isa = PBXFileReference; fileEncoding = 4; lastKnownFileType = sourcecode.c.h; name = "NGNGood+CoreDataProperties.h"; path = "Model/StorageLayer/Model/NGNGood+CoreDataProperties.h"; sourceTree = "<group>"; };
		25BF77651F23ED1300FFCF42 /* NGNGood+CoreDataProperties.m */ = {isa = PBXFileReference; fileEncoding = 4; lastKnownFileType = sourcecode.c.objc; name = "NGNGood+CoreDataProperties.m"; path = "Model/StorageLayer/Model/NGNGood+CoreDataProperties.m"; sourceTree = "<group>"; };
		25BF77661F23ED1300FFCF42 /* NGNOrder+CoreDataClass.h */ = {isa = PBXFileReference; fileEncoding = 4; lastKnownFileType = sourcecode.c.h; name = "NGNOrder+CoreDataClass.h"; path = "Model/StorageLayer/Model/NGNOrder+CoreDataClass.h"; sourceTree = "<group>"; };
		25BF77671F23ED1300FFCF42 /* NGNOrder+CoreDataClass.m */ = {isa = PBXFileReference; fileEncoding = 4; lastKnownFileType = sourcecode.c.objc; name = "NGNOrder+CoreDataClass.m"; path = "Model/StorageLayer/Model/NGNOrder+CoreDataClass.m"; sourceTree = "<group>"; };
		25BF77681F23ED1300FFCF42 /* NGNOrder+CoreDataProperties.h */ = {isa = PBXFileReference; fileEncoding = 4; lastKnownFileType = sourcecode.c.h; name = "NGNOrder+CoreDataProperties.h"; path = "Model/StorageLayer/Model/NGNOrder+CoreDataProperties.h"; sourceTree = "<group>"; };
		25BF77691F23ED1300FFCF42 /* NGNOrder+CoreDataProperties.m */ = {isa = PBXFileReference; fileEncoding = 4; lastKnownFileType = sourcecode.c.objc; name = "NGNOrder+CoreDataProperties.m"; path = "Model/StorageLayer/Model/NGNOrder+CoreDataProperties.m"; sourceTree = "<group>"; };
		25BF776A1F23ED1300FFCF42 /* NGNGoodsOrder+CoreDataClass.h */ = {isa = PBXFileReference; fileEncoding = 4; lastKnownFileType = sourcecode.c.h; name = "NGNGoodsOrder+CoreDataClass.h"; path = "Model/StorageLayer/Model/NGNGoodsOrder+CoreDataClass.h"; sourceTree = "<group>"; };
		25BF776B1F23ED1300FFCF42 /* NGNGoodsOrder+CoreDataClass.m */ = {isa = PBXFileReference; fileEncoding = 4; lastKnownFileType = sourcecode.c.objc; name = "NGNGoodsOrder+CoreDataClass.m"; path = "Model/StorageLayer/Model/NGNGoodsOrder+CoreDataClass.m"; sourceTree = "<group>"; };
		25BF776C1F23ED1300FFCF42 /* NGNGoodsOrder+CoreDataProperties.h */ = {isa = PBXFileReference; fileEncoding = 4; lastKnownFileType = sourcecode.c.h; name = "NGNGoodsOrder+CoreDataProperties.h"; path = "Model/StorageLayer/Model/NGNGoodsOrder+CoreDataProperties.h"; sourceTree = "<group>"; };
		25BF776D1F23ED1300FFCF42 /* NGNGoodsOrder+CoreDataProperties.m */ = {isa = PBXFileReference; fileEncoding = 4; lastKnownFileType = sourcecode.c.objc; name = "NGNGoodsOrder+CoreDataProperties.m"; path = "Model/StorageLayer/Model/NGNGoodsOrder+CoreDataProperties.m"; sourceTree = "<group>"; };
		25BF77761F267AE900FFCF42 /* NGNCatalogService.h */ = {isa = PBXFileReference; fileEncoding = 4; lastKnownFileType = sourcecode.c.h; name = NGNCatalogService.h; path = Model/ServerSideLayer/NGNCatalogService.h; sourceTree = "<group>"; };
		25BF77771F267AE900FFCF42 /* NGNCatalogService.m */ = {isa = PBXFileReference; fileEncoding = 4; lastKnownFileType = sourcecode.c.objc; name = NGNCatalogService.m; path = Model/ServerSideLayer/NGNCatalogService.m; sourceTree = "<group>"; };
		25BF77791F267CA300FFCF42 /* NGNBasicService.h */ = {isa = PBXFileReference; fileEncoding = 4; lastKnownFileType = sourcecode.c.h; name = NGNBasicService.h; path = Model/ServerSideLayer/NGNBasicService.h; sourceTree = "<group>"; };
		25BF777A1F267CA300FFCF42 /* NGNBasicService.m */ = {isa = PBXFileReference; fileEncoding = 4; lastKnownFileType = sourcecode.c.objc; name = NGNBasicService.m; path = Model/ServerSideLayer/NGNBasicService.m; sourceTree = "<group>"; };
		25BF777C1F26866F00FFCF42 /* NGNServerSideLayerConstants.h */ = {isa = PBXFileReference; fileEncoding = 4; lastKnownFileType = sourcecode.c.h; name = NGNServerSideLayerConstants.h; path = Constants/NGNServerSideLayerConstants.h; sourceTree = "<group>"; };
		25BF777D1F26866F00FFCF42 /* NGNServerSideLayerConstants.m */ = {isa = PBXFileReference; fileEncoding = 4; lastKnownFileType = sourcecode.c.objc; name = NGNServerSideLayerConstants.m; path = Constants/NGNServerSideLayerConstants.m; sourceTree = "<group>"; };
		25BF777F1F27542700FFCF42 /* NGNOrderService.h */ = {isa = PBXFileReference; fileEncoding = 4; lastKnownFileType = sourcecode.c.h; name = NGNOrderService.h; path = Model/ServerSideLayer/NGNOrderService.h; sourceTree = "<group>"; };
		25BF77801F27542700FFCF42 /* NGNOrderService.m */ = {isa = PBXFileReference; fileEncoding = 4; lastKnownFileType = sourcecode.c.objc; name = NGNOrderService.m; path = Model/ServerSideLayer/NGNOrderService.m; sourceTree = "<group>"; };
		25BF77821F27543A00FFCF42 /* db.json */ = {isa = PBXFileReference; fileEncoding = 4; lastKnownFileType = text.json; name = db.json; path = Model/ServerSideLayer/db.json; sourceTree = "<group>"; };
		40DCFC461F291FFE0047052F /* NSDate+NGNformattedDate.h */ = {isa = PBXFileReference; fileEncoding = 4; lastKnownFileType = sourcecode.c.h; name = "NSDate+NGNformattedDate.h"; path = "Model/Categories/NSDate+NGNformattedDate.h"; sourceTree = "<group>"; };
		40DCFC471F291FFE0047052F /* NSDate+NGNformattedDate.m */ = {isa = PBXFileReference; fileEncoding = 4; lastKnownFileType = sourcecode.c.objc; name = "NSDate+NGNformattedDate.m"; path = "Model/Categories/NSDate+NGNformattedDate.m"; sourceTree = "<group>"; };
		7AF396158AE15C14B79EAC98 /* Pods-ShoppingCart.debug.xcconfig */ = {isa = PBXFileReference; includeInIndex = 1; lastKnownFileType = text.xcconfig; name = "Pods-ShoppingCart.debug.xcconfig"; path = "Pods/Target Support Files/Pods-ShoppingCart/Pods-ShoppingCart.debug.xcconfig"; sourceTree = "<group>"; };
		EF3480A91F1E8D5100733E86 /* ShoppingCart.app */ = {isa = PBXFileReference; explicitFileType = wrapper.application; includeInIndex = 0; path = ShoppingCart.app; sourceTree = BUILT_PRODUCTS_DIR; };
		EF3480AD1F1E8D5100733E86 /* main.m */ = {isa = PBXFileReference; lastKnownFileType = sourcecode.c.objc; path = main.m; sourceTree = "<group>"; };
		EF3480AF1F1E8D5100733E86 /* AppDelegate.h */ = {isa = PBXFileReference; lastKnownFileType = sourcecode.c.h; path = AppDelegate.h; sourceTree = "<group>"; };
		EF3480B01F1E8D5100733E86 /* AppDelegate.m */ = {isa = PBXFileReference; lastKnownFileType = sourcecode.c.objc; path = AppDelegate.m; sourceTree = "<group>"; };
		EF3480B61F1E8D5100733E86 /* Base */ = {isa = PBXFileReference; lastKnownFileType = file.storyboard; name = Base; path = Base.lproj/Main.storyboard; sourceTree = "<group>"; };
		EF3480B91F1E8D5100733E86 /* ShoppingCart.xcdatamodel */ = {isa = PBXFileReference; lastKnownFileType = wrapper.xcdatamodel; path = ShoppingCart.xcdatamodel; sourceTree = "<group>"; };
		EF3480BB1F1E8D5100733E86 /* Assets.xcassets */ = {isa = PBXFileReference; lastKnownFileType = folder.assetcatalog; path = Assets.xcassets; sourceTree = "<group>"; };
		EF3480BE1F1E8D5100733E86 /* Base */ = {isa = PBXFileReference; lastKnownFileType = file.storyboard; name = Base; path = Base.lproj/LaunchScreen.storyboard; sourceTree = "<group>"; };
		EF3480C01F1E8D5100733E86 /* Info.plist */ = {isa = PBXFileReference; lastKnownFileType = text.plist.xml; path = Info.plist; sourceTree = "<group>"; };
		EF3480D11F1F4BA300733E86 /* NGNDataBaseRuler.h */ = {isa = PBXFileReference; fileEncoding = 4; lastKnownFileType = sourcecode.c.h; name = NGNDataBaseRuler.h; path = Model/StorageLayer/Core/NGNDataBaseRuler.h; sourceTree = "<group>"; };
		EF3480D21F1F4BA300733E86 /* NGNDataBaseRuler.m */ = {isa = PBXFileReference; fileEncoding = 4; lastKnownFileType = sourcecode.c.objc; name = NGNDataBaseRuler.m; path = Model/StorageLayer/Core/NGNDataBaseRuler.m; sourceTree = "<group>"; };
		EF3481091F1F78D500733E86 /* NGNRootViewController.h */ = {isa = PBXFileReference; fileEncoding = 4; lastKnownFileType = sourcecode.c.h; name = NGNRootViewController.h; path = Controller/AdditionalControllers/NGNRootViewController.h; sourceTree = "<group>"; };
		EF34810A1F1F78D500733E86 /* NGNRootViewController.m */ = {isa = PBXFileReference; fileEncoding = 4; lastKnownFileType = sourcecode.c.objc; name = NGNRootViewController.m; path = Controller/AdditionalControllers/NGNRootViewController.m; sourceTree = "<group>"; };
		EF34810C1F1FA0D600733E86 /* NGNMenuViewController.h */ = {isa = PBXFileReference; fileEncoding = 4; lastKnownFileType = sourcecode.c.h; name = NGNMenuViewController.h; path = Controller/AdditionalControllers/NGNMenuViewController.h; sourceTree = "<group>"; };
		EF34810D1F1FA0D600733E86 /* NGNMenuViewController.m */ = {isa = PBXFileReference; fileEncoding = 4; lastKnownFileType = sourcecode.c.objc; name = NGNMenuViewController.m; path = Controller/AdditionalControllers/NGNMenuViewController.m; sourceTree = "<group>"; };
		EF34810F1F1FA10E00733E86 /* NGNContentNavigationController.h */ = {isa = PBXFileReference; fileEncoding = 4; lastKnownFileType = sourcecode.c.h; name = NGNContentNavigationController.h; path = Controller/AdditionalControllers/NGNContentNavigationController.h; sourceTree = "<group>"; };
		EF3481101F1FA10E00733E86 /* NGNContentNavigationController.m */ = {isa = PBXFileReference; fileEncoding = 4; lastKnownFileType = sourcecode.c.objc; name = NGNContentNavigationController.m; path = Controller/AdditionalControllers/NGNContentNavigationController.m; sourceTree = "<group>"; };
		EF3481121F1FA1D600733E86 /* NGNGoodsListViewController.h */ = {isa = PBXFileReference; fileEncoding = 4; lastKnownFileType = sourcecode.c.h; name = NGNGoodsListViewController.h; path = Controller/BaseControllers/NGNGoodsListViewController.h; sourceTree = "<group>"; };
		EF3481131F1FA1D600733E86 /* NGNGoodsListViewController.m */ = {isa = PBXFileReference; fileEncoding = 4; lastKnownFileType = sourcecode.c.objc; name = NGNGoodsListViewController.m; path = Controller/BaseControllers/NGNGoodsListViewController.m; sourceTree = "<group>"; };
		EF3481151F1FA20700733E86 /* NGNCartViewController.h */ = {isa = PBXFileReference; fileEncoding = 4; lastKnownFileType = sourcecode.c.h; name = NGNCartViewController.h; path = Controller/BaseControllers/NGNCartViewController.h; sourceTree = "<group>"; };
		EF3481161F1FA20700733E86 /* NGNCartViewController.m */ = {isa = PBXFileReference; fileEncoding = 4; lastKnownFileType = sourcecode.c.objc; name = NGNCartViewController.m; path = Controller/BaseControllers/NGNCartViewController.m; sourceTree = "<group>"; };
		EF3481191F1FC44200733E86 /* avatar@2x.jpg */ = {isa = PBXFileReference; lastKnownFileType = image.jpeg; name = "avatar@2x.jpg"; path = "Resources/avatar@2x.jpg"; sourceTree = "<group>"; };
/* End PBXFileReference section */

/* Begin PBXFrameworksBuildPhase section */
		EF3480A61F1E8D5100733E86 /* Frameworks */ = {
			isa = PBXFrameworksBuildPhase;
			buildActionMask = 2147483647;
			files = (
				25BF77511F226A5000FFCF42 /* QuartzCore.framework in Frameworks */,
				FF6B16C1067F7B7D7428F051 /* libPods-ShoppingCart.a in Frameworks */,
			);
			runOnlyForDeploymentPostprocessing = 0;
		};
/* End PBXFrameworksBuildPhase section */

/* Begin PBXGroup section */
		25BF77521F22800D00FFCF42 /* Constants */ = {
			isa = PBXGroup;
			children = (
				25BF77531F22803B00FFCF42 /* NGNCommonConstants.h */,
				25BF775A1F23BBB400FFCF42 /* NGNCommonConstants.m */,
				25BF77591F23BB0B00FFCF42 /* NGNCoreDataEntitiesNames.h */,
				25BF775C1F23BBF900FFCF42 /* NGNCoreDataEntitiesNames.m */,
				25BF777C1F26866F00FFCF42 /* NGNServerSideLayerConstants.h */,
				25BF777D1F26866F00FFCF42 /* NGNServerSideLayerConstants.m */,
			);
			name = Constants;
			sourceTree = "<group>";
		};
		2941B8B1E215F181D726AAFF /* Pods */ = {
			isa = PBXGroup;
			children = (
				7AF396158AE15C14B79EAC98 /* Pods-ShoppingCart.debug.xcconfig */,
				198F57675726B8D120206506 /* Pods-ShoppingCart.release.xcconfig */,
			);
			name = Pods;
			sourceTree = "<group>";
		};
		40DCFC451F291FB30047052F /* Categories */ = {
			isa = PBXGroup;
			children = (
				40DCFC461F291FFE0047052F /* NSDate+NGNformattedDate.h */,
				40DCFC471F291FFE0047052F /* NSDate+NGNformattedDate.m */,
			);
			name = Categories;
			sourceTree = "<group>";
		};
		BBCA730B5FFA8F55993DB0BA /* Frameworks */ = {
			isa = PBXGroup;
			children = (
				25BF77501F226A5000FFCF42 /* QuartzCore.framework */,
				00B188B7F3C5BD001AAF0543 /* libPods-ShoppingCart.a */,
			);
			name = Frameworks;
			sourceTree = "<group>";
		};
		EF3480A01F1E8D5100733E86 = {
			isa = PBXGroup;
			children = (
				EF3480AB1F1E8D5100733E86 /* ShoppingCart */,
				EF3481181F1FC43300733E86 /* Resources */,
				EF3480AA1F1E8D5100733E86 /* Products */,
				2941B8B1E215F181D726AAFF /* Pods */,
				BBCA730B5FFA8F55993DB0BA /* Frameworks */,
			);
			sourceTree = "<group>";
		};
		EF3480AA1F1E8D5100733E86 /* Products */ = {
			isa = PBXGroup;
			children = (
				EF3480A91F1E8D5100733E86 /* ShoppingCart.app */,
			);
			name = Products;
			sourceTree = "<group>";
		};
		EF3480AB1F1E8D5100733E86 /* ShoppingCart */ = {
			isa = PBXGroup;
			children = (
				25BF77521F22800D00FFCF42 /* Constants */,
				EF3480C71F1EBF1100733E86 /* View */,
				EF3480C81F1EBF2F00733E86 /* Controller */,
				EF3480C61F1EBF0400733E86 /* Model */,
				EF3480AC1F1E8D5100733E86 /* SupportingFiles */,
			);
			path = ShoppingCart;
			sourceTree = "<group>";
		};
		EF3480AC1F1E8D5100733E86 /* SupportingFiles */ = {
			isa = PBXGroup;
			children = (
				EF3480B51F1E8D5100733E86 /* Main.storyboard */,
				EF3480BB1F1E8D5100733E86 /* Assets.xcassets */,
				EF3480BD1F1E8D5100733E86 /* LaunchScreen.storyboard */,
				EF3480C01F1E8D5100733E86 /* Info.plist */,
				EF3480AD1F1E8D5100733E86 /* main.m */,
			);
			name = SupportingFiles;
			sourceTree = "<group>";
		};
		EF3480C61F1EBF0400733E86 /* Model */ = {
			isa = PBXGroup;
			children = (
				40DCFC451F291FB30047052F /* Categories */,
				EF3480CD1F1EC0FB00733E86 /* StorageLayer */,
				EF3480CC1F1EC0F200733E86 /* ServerSideLayer */,
			);
			name = Model;
			sourceTree = "<group>";
		};
		EF3480C71F1EBF1100733E86 /* View */ = {
			isa = PBXGroup;
			children = (
			);
			name = View;
			sourceTree = "<group>";
		};
		EF3480C81F1EBF2F00733E86 /* Controller */ = {
			isa = PBXGroup;
			children = (
				EF3480AF1F1E8D5100733E86 /* AppDelegate.h */,
				EF3480B01F1E8D5100733E86 /* AppDelegate.m */,
				EF3481081F1F788C00733E86 /* AdditionalControllers */,
				EF3481071F1F77F900733E86 /* BaseControllers */,
			);
			name = Controller;
			sourceTree = "<group>";
		};
		EF3480CC1F1EC0F200733E86 /* ServerSideLayer */ = {
			isa = PBXGroup;
			children = (
				25BF77821F27543A00FFCF42 /* db.json */,
				25BF77761F267AE900FFCF42 /* NGNCatalogService.h */,
				25BF77771F267AE900FFCF42 /* NGNCatalogService.m */,
				25BF777F1F27542700FFCF42 /* NGNOrderService.h */,
				25BF77801F27542700FFCF42 /* NGNOrderService.m */,
				25BF77791F267CA300FFCF42 /* NGNBasicService.h */,
				25BF777A1F267CA300FFCF42 /* NGNBasicService.m */,
			);
			name = ServerSideLayer;
			sourceTree = "<group>";
		};
		EF3480CD1F1EC0FB00733E86 /* StorageLayer */ = {
			isa = PBXGroup;
			children = (
				EF3480D01F1F4B6B00733E86 /* Core */,
				EF3480CF1F1F4B6100733E86 /* Services */,
				EF3480CE1F1F4B4F00733E86 /* Model */,
			);
			name = StorageLayer;
			sourceTree = "<group>";
		};
		EF3480CE1F1F4B4F00733E86 /* Model */ = {
			isa = PBXGroup;
			children = (
				25BF775E1F23ED1300FFCF42 /* NGNUser+CoreDataClass.h */,
				25BF775F1F23ED1300FFCF42 /* NGNUser+CoreDataClass.m */,
				25BF77601F23ED1300FFCF42 /* NGNUser+CoreDataProperties.h */,
				25BF77611F23ED1300FFCF42 /* NGNUser+CoreDataProperties.m */,
				25BF77621F23ED1300FFCF42 /* NGNGood+CoreDataClass.h */,
				25BF77631F23ED1300FFCF42 /* NGNGood+CoreDataClass.m */,
				25BF77641F23ED1300FFCF42 /* NGNGood+CoreDataProperties.h */,
				25BF77651F23ED1300FFCF42 /* NGNGood+CoreDataProperties.m */,
				25BF77661F23ED1300FFCF42 /* NGNOrder+CoreDataClass.h */,
				25BF77671F23ED1300FFCF42 /* NGNOrder+CoreDataClass.m */,
				25BF77681F23ED1300FFCF42 /* NGNOrder+CoreDataProperties.h */,
				25BF77691F23ED1300FFCF42 /* NGNOrder+CoreDataProperties.m */,
				25BF776A1F23ED1300FFCF42 /* NGNGoodsOrder+CoreDataClass.h */,
				25BF776B1F23ED1300FFCF42 /* NGNGoodsOrder+CoreDataClass.m */,
				25BF776C1F23ED1300FFCF42 /* NGNGoodsOrder+CoreDataProperties.h */,
				25BF776D1F23ED1300FFCF42 /* NGNGoodsOrder+CoreDataProperties.m */,
				EF3480B81F1E8D5100733E86 /* ShoppingCart.xcdatamodeld */,
			);
			name = Model;
			sourceTree = "<group>";
		};
		EF3480CF1F1F4B6100733E86 /* Services */ = {
			isa = PBXGroup;
			children = (
			);
			name = Services;
			sourceTree = "<group>";
		};
		EF3480D01F1F4B6B00733E86 /* Core */ = {
			isa = PBXGroup;
			children = (
				EF3480D11F1F4BA300733E86 /* NGNDataBaseRuler.h */,
				EF3480D21F1F4BA300733E86 /* NGNDataBaseRuler.m */,
			);
			name = Core;
			sourceTree = "<group>";
		};
		EF3481071F1F77F900733E86 /* BaseControllers */ = {
			isa = PBXGroup;
			children = (
				EF3481121F1FA1D600733E86 /* NGNGoodsListViewController.h */,
				EF3481131F1FA1D600733E86 /* NGNGoodsListViewController.m */,
				EF3481151F1FA20700733E86 /* NGNCartViewController.h */,
				EF3481161F1FA20700733E86 /* NGNCartViewController.m */,
			);
			name = BaseControllers;
			sourceTree = "<group>";
		};
		EF3481081F1F788C00733E86 /* AdditionalControllers */ = {
			isa = PBXGroup;
			children = (
				EF3481091F1F78D500733E86 /* NGNRootViewController.h */,
				EF34810A1F1F78D500733E86 /* NGNRootViewController.m */,
				EF34810C1F1FA0D600733E86 /* NGNMenuViewController.h */,
				EF34810D1F1FA0D600733E86 /* NGNMenuViewController.m */,
				EF34810F1F1FA10E00733E86 /* NGNContentNavigationController.h */,
				EF3481101F1FA10E00733E86 /* NGNContentNavigationController.m */,
			);
			name = AdditionalControllers;
			sourceTree = "<group>";
		};
		EF3481181F1FC43300733E86 /* Resources */ = {
			isa = PBXGroup;
			children = (
				EF3481191F1FC44200733E86 /* avatar@2x.jpg */,
			);
			name = Resources;
			path = ShoppingCart;
			sourceTree = "<group>";
		};
/* End PBXGroup section */

/* Begin PBXNativeTarget section */
		EF3480A81F1E8D5100733E86 /* ShoppingCart */ = {
			isa = PBXNativeTarget;
			buildConfigurationList = EF3480C31F1E8D5100733E86 /* Build configuration list for PBXNativeTarget "ShoppingCart" */;
			buildPhases = (
				F4FE0BEA518FB09883F0ECDF /* [CP] Check Pods Manifest.lock */,
				EF3480A51F1E8D5100733E86 /* Sources */,
				EF3480A61F1E8D5100733E86 /* Frameworks */,
				EF3480A71F1E8D5100733E86 /* Resources */,
				13F1E7B69B62AFBCE1D8603C /* [CP] Embed Pods Frameworks */,
				15BEFFF424810161467B38FB /* [CP] Copy Pods Resources */,
			);
			buildRules = (
			);
			dependencies = (
			);
			name = ShoppingCart;
			productName = ShoppingCart;
			productReference = EF3480A91F1E8D5100733E86 /* ShoppingCart.app */;
			productType = "com.apple.product-type.application";
		};
/* End PBXNativeTarget section */

/* Begin PBXProject section */
		EF3480A11F1E8D5100733E86 /* Project object */ = {
			isa = PBXProject;
			attributes = {
				CLASSPREFIX = NGN;
				LastUpgradeCheck = 0830;
				ORGANIZATIONNAME = Alex;
				TargetAttributes = {
					EF3480A81F1E8D5100733E86 = {
						CreatedOnToolsVersion = 8.3.3;
						DevelopmentTeam = 9M22BH66EU;
						ProvisioningStyle = Automatic;
					};
				};
			};
			buildConfigurationList = EF3480A41F1E8D5100733E86 /* Build configuration list for PBXProject "ShoppingCart" */;
			compatibilityVersion = "Xcode 3.2";
			developmentRegion = English;
			hasScannedForEncodings = 0;
			knownRegions = (
				en,
				Base,
			);
			mainGroup = EF3480A01F1E8D5100733E86;
			productRefGroup = EF3480AA1F1E8D5100733E86 /* Products */;
			projectDirPath = "";
			projectRoot = "";
			targets = (
				EF3480A81F1E8D5100733E86 /* ShoppingCart */,
			);
		};
/* End PBXProject section */

/* Begin PBXResourcesBuildPhase section */
		EF3480A71F1E8D5100733E86 /* Resources */ = {
			isa = PBXResourcesBuildPhase;
			buildActionMask = 2147483647;
			files = (
				EF3480BF1F1E8D5100733E86 /* LaunchScreen.storyboard in Resources */,
				EF34811A1F1FC44200733E86 /* avatar@2x.jpg in Resources */,
				EF3480BC1F1E8D5100733E86 /* Assets.xcassets in Resources */,
				25BF77831F27543A00FFCF42 /* db.json in Resources */,
				EF3480B71F1E8D5100733E86 /* Main.storyboard in Resources */,
			);
			runOnlyForDeploymentPostprocessing = 0;
		};
/* End PBXResourcesBuildPhase section */

/* Begin PBXShellScriptBuildPhase section */
		13F1E7B69B62AFBCE1D8603C /* [CP] Embed Pods Frameworks */ = {
			isa = PBXShellScriptBuildPhase;
			buildActionMask = 2147483647;
			files = (
			);
			inputPaths = (
			);
			name = "[CP] Embed Pods Frameworks";
			outputPaths = (
			);
			runOnlyForDeploymentPostprocessing = 0;
			shellPath = /bin/sh;
			shellScript = "\"${SRCROOT}/Pods/Target Support Files/Pods-ShoppingCart/Pods-ShoppingCart-frameworks.sh\"\n";
			showEnvVarsInLog = 0;
		};
		15BEFFF424810161467B38FB /* [CP] Copy Pods Resources */ = {
			isa = PBXShellScriptBuildPhase;
			buildActionMask = 2147483647;
			files = (
			);
			inputPaths = (
			);
			name = "[CP] Copy Pods Resources";
			outputPaths = (
			);
			runOnlyForDeploymentPostprocessing = 0;
			shellPath = /bin/sh;
			shellScript = "\"${SRCROOT}/Pods/Target Support Files/Pods-ShoppingCart/Pods-ShoppingCart-resources.sh\"\n";
			showEnvVarsInLog = 0;
		};
		F4FE0BEA518FB09883F0ECDF /* [CP] Check Pods Manifest.lock */ = {
			isa = PBXShellScriptBuildPhase;
			buildActionMask = 2147483647;
			files = (
			);
			inputPaths = (
			);
			name = "[CP] Check Pods Manifest.lock";
			outputPaths = (
			);
			runOnlyForDeploymentPostprocessing = 0;
			shellPath = /bin/sh;
			shellScript = "diff \"${PODS_PODFILE_DIR_PATH}/Podfile.lock\" \"${PODS_ROOT}/Manifest.lock\" > /dev/null\nif [ $? != 0 ] ; then\n    # print error to STDERR\n    echo \"error: The sandbox is not in sync with the Podfile.lock. Run 'pod install' or update your CocoaPods installation.\" >&2\n    exit 1\nfi\n";
			showEnvVarsInLog = 0;
		};
/* End PBXShellScriptBuildPhase section */

/* Begin PBXSourcesBuildPhase section */
		EF3480A51F1E8D5100733E86 /* Sources */ = {
			isa = PBXSourcesBuildPhase;
			buildActionMask = 2147483647;
			files = (
				25BF77701F23ED1300FFCF42 /* NGNGood+CoreDataClass.m in Sources */,
				25BF77731F23ED1300FFCF42 /* NGNOrder+CoreDataProperties.m in Sources */,
				EF3480B11F1E8D5100733E86 /* AppDelegate.m in Sources */,
				EF3481141F1FA1D600733E86 /* NGNGoodsListViewController.m in Sources */,
				EF3481111F1FA10E00733E86 /* NGNContentNavigationController.m in Sources */,
				25BF77751F23ED1300FFCF42 /* NGNGoodsOrder+CoreDataProperties.m in Sources */,
				EF34810B1F1F78D500733E86 /* NGNRootViewController.m in Sources */,
				EF3480AE1F1E8D5100733E86 /* main.m in Sources */,
				25BF77721F23ED1300FFCF42 /* NGNOrder+CoreDataClass.m in Sources */,
				EF3481171F1FA20700733E86 /* NGNCartViewController.m in Sources */,
				EF3480D31F1F4BA300733E86 /* NGNDataBaseRuler.m in Sources */,
				EF3480BA1F1E8D5100733E86 /* ShoppingCart.xcdatamodeld in Sources */,
				25BF776E1F23ED1300FFCF42 /* NGNUser+CoreDataClass.m in Sources */,
				25BF77781F267AE900FFCF42 /* NGNCatalogService.m in Sources */,
				25BF775D1F23BBF900FFCF42 /* NGNCoreDataEntitiesNames.m in Sources */,
				25BF77741F23ED1300FFCF42 /* NGNGoodsOrder+CoreDataClass.m in Sources */,
				25BF77711F23ED1300FFCF42 /* NGNGood+CoreDataProperties.m in Sources */,
				25BF776F1F23ED1300FFCF42 /* NGNUser+CoreDataProperties.m in Sources */,
				25BF777B1F267CA300FFCF42 /* NGNBasicService.m in Sources */,
				25BF777E1F26866F00FFCF42 /* NGNServerSideLayerConstants.m in Sources */,
				25BF77811F27542700FFCF42 /* NGNOrderService.m in Sources */,
				40DCFC481F291FFE0047052F /* NSDate+NGNformattedDate.m in Sources */,
				EF34810E1F1FA0D600733E86 /* NGNMenuViewController.m in Sources */,
				25BF775B1F23BBB400FFCF42 /* NGNCommonConstants.m in Sources */,
			);
			runOnlyForDeploymentPostprocessing = 0;
		};
/* End PBXSourcesBuildPhase section */

/* Begin PBXVariantGroup section */
		EF3480B51F1E8D5100733E86 /* Main.storyboard */ = {
			isa = PBXVariantGroup;
			children = (
				EF3480B61F1E8D5100733E86 /* Base */,
			);
			name = Main.storyboard;
			sourceTree = "<group>";
		};
		EF3480BD1F1E8D5100733E86 /* LaunchScreen.storyboard */ = {
			isa = PBXVariantGroup;
			children = (
				EF3480BE1F1E8D5100733E86 /* Base */,
			);
			name = LaunchScreen.storyboard;
			sourceTree = "<group>";
		};
/* End PBXVariantGroup section */

/* Begin XCBuildConfiguration section */
		EF3480C11F1E8D5100733E86 /* Debug */ = {
			isa = XCBuildConfiguration;
			buildSettings = {
				ALWAYS_SEARCH_USER_PATHS = NO;
				CLANG_ANALYZER_NONNULL = YES;
				CLANG_ANALYZER_NUMBER_OBJECT_CONVERSION = YES_AGGRESSIVE;
				CLANG_CXX_LANGUAGE_STANDARD = "gnu++0x";
				CLANG_CXX_LIBRARY = "libc++";
				CLANG_ENABLE_MODULES = YES;
				CLANG_ENABLE_OBJC_ARC = YES;
				CLANG_WARN_BOOL_CONVERSION = YES;
				CLANG_WARN_CONSTANT_CONVERSION = YES;
				CLANG_WARN_DIRECT_OBJC_ISA_USAGE = YES_ERROR;
				CLANG_WARN_DOCUMENTATION_COMMENTS = YES;
				CLANG_WARN_EMPTY_BODY = YES;
				CLANG_WARN_ENUM_CONVERSION = YES;
				CLANG_WARN_INFINITE_RECURSION = YES;
				CLANG_WARN_INT_CONVERSION = YES;
				CLANG_WARN_OBJC_ROOT_CLASS = YES_ERROR;
				CLANG_WARN_SUSPICIOUS_MOVE = YES;
				CLANG_WARN_UNREACHABLE_CODE = YES;
				CLANG_WARN__DUPLICATE_METHOD_MATCH = YES;
				"CODE_SIGN_IDENTITY[sdk=iphoneos*]" = "iPhone Developer";
				COPY_PHASE_STRIP = NO;
				DEBUG_INFORMATION_FORMAT = dwarf;
				ENABLE_STRICT_OBJC_MSGSEND = YES;
				ENABLE_TESTABILITY = YES;
				GCC_C_LANGUAGE_STANDARD = gnu99;
				GCC_DYNAMIC_NO_PIC = NO;
				GCC_NO_COMMON_BLOCKS = YES;
				GCC_OPTIMIZATION_LEVEL = 0;
				GCC_PREPROCESSOR_DEFINITIONS = (
					"DEBUG=1",
					"$(inherited)",
				);
				GCC_WARN_64_TO_32_BIT_CONVERSION = YES;
				GCC_WARN_ABOUT_RETURN_TYPE = YES_ERROR;
				GCC_WARN_UNDECLARED_SELECTOR = YES;
				GCC_WARN_UNINITIALIZED_AUTOS = YES_AGGRESSIVE;
				GCC_WARN_UNUSED_FUNCTION = YES;
				GCC_WARN_UNUSED_VARIABLE = YES;
				IPHONEOS_DEPLOYMENT_TARGET = 9.0;
				MTL_ENABLE_DEBUG_INFO = YES;
				ONLY_ACTIVE_ARCH = YES;
				SDKROOT = iphoneos;
			};
			name = Debug;
		};
		EF3480C21F1E8D5100733E86 /* Release */ = {
			isa = XCBuildConfiguration;
			buildSettings = {
				ALWAYS_SEARCH_USER_PATHS = NO;
				CLANG_ANALYZER_NONNULL = YES;
				CLANG_ANALYZER_NUMBER_OBJECT_CONVERSION = YES_AGGRESSIVE;
				CLANG_CXX_LANGUAGE_STANDARD = "gnu++0x";
				CLANG_CXX_LIBRARY = "libc++";
				CLANG_ENABLE_MODULES = YES;
				CLANG_ENABLE_OBJC_ARC = YES;
				CLANG_WARN_BOOL_CONVERSION = YES;
				CLANG_WARN_CONSTANT_CONVERSION = YES;
				CLANG_WARN_DIRECT_OBJC_ISA_USAGE = YES_ERROR;
				CLANG_WARN_DOCUMENTATION_COMMENTS = YES;
				CLANG_WARN_EMPTY_BODY = YES;
				CLANG_WARN_ENUM_CONVERSION = YES;
				CLANG_WARN_INFINITE_RECURSION = YES;
				CLANG_WARN_INT_CONVERSION = YES;
				CLANG_WARN_OBJC_ROOT_CLASS = YES_ERROR;
				CLANG_WARN_SUSPICIOUS_MOVE = YES;
				CLANG_WARN_UNREACHABLE_CODE = YES;
				CLANG_WARN__DUPLICATE_METHOD_MATCH = YES;
				"CODE_SIGN_IDENTITY[sdk=iphoneos*]" = "iPhone Developer";
				COPY_PHASE_STRIP = NO;
				DEBUG_INFORMATION_FORMAT = "dwarf-with-dsym";
				ENABLE_NS_ASSERTIONS = NO;
				ENABLE_STRICT_OBJC_MSGSEND = YES;
				GCC_C_LANGUAGE_STANDARD = gnu99;
				GCC_NO_COMMON_BLOCKS = YES;
				GCC_WARN_64_TO_32_BIT_CONVERSION = YES;
				GCC_WARN_ABOUT_RETURN_TYPE = YES_ERROR;
				GCC_WARN_UNDECLARED_SELECTOR = YES;
				GCC_WARN_UNINITIALIZED_AUTOS = YES_AGGRESSIVE;
				GCC_WARN_UNUSED_FUNCTION = YES;
				GCC_WARN_UNUSED_VARIABLE = YES;
				IPHONEOS_DEPLOYMENT_TARGET = 9.0;
				MTL_ENABLE_DEBUG_INFO = NO;
				SDKROOT = iphoneos;
				VALIDATE_PRODUCT = YES;
			};
			name = Release;
		};
		EF3480C41F1E8D5100733E86 /* Debug */ = {
			isa = XCBuildConfiguration;
			baseConfigurationReference = 7AF396158AE15C14B79EAC98 /* Pods-ShoppingCart.debug.xcconfig */;
			buildSettings = {
				ASSETCATALOG_COMPILER_APPICON_NAME = AppIcon;
				DEVELOPMENT_TEAM = 9M22BH66EU;
				INFOPLIST_FILE = ShoppingCart/Info.plist;
				IPHONEOS_DEPLOYMENT_TARGET = 9.0;
				LD_RUNPATH_SEARCH_PATHS = "$(inherited) @executable_path/Frameworks";
				PRODUCT_BUNDLE_IDENTIFIER = com.noegon.ShoppingCart;
				PRODUCT_NAME = "$(TARGET_NAME)";
			};
			name = Debug;
		};
		EF3480C51F1E8D5100733E86 /* Release */ = {
			isa = XCBuildConfiguration;
			baseConfigurationReference = 198F57675726B8D120206506 /* Pods-ShoppingCart.release.xcconfig */;
			buildSettings = {
				ASSETCATALOG_COMPILER_APPICON_NAME = AppIcon;
				DEVELOPMENT_TEAM = 9M22BH66EU;
				INFOPLIST_FILE = ShoppingCart/Info.plist;
				IPHONEOS_DEPLOYMENT_TARGET = 9.0;
				LD_RUNPATH_SEARCH_PATHS = "$(inherited) @executable_path/Frameworks";
				PRODUCT_BUNDLE_IDENTIFIER = com.noegon.ShoppingCart;
				PRODUCT_NAME = "$(TARGET_NAME)";
			};
			name = Release;
		};
/* End XCBuildConfiguration section */

/* Begin XCConfigurationList section */
		EF3480A41F1E8D5100733E86 /* Build configuration list for PBXProject "ShoppingCart" */ = {
			isa = XCConfigurationList;
			buildConfigurations = (
				EF3480C11F1E8D5100733E86 /* Debug */,
				EF3480C21F1E8D5100733E86 /* Release */,
			);
			defaultConfigurationIsVisible = 0;
			defaultConfigurationName = Release;
		};
		EF3480C31F1E8D5100733E86 /* Build configuration list for PBXNativeTarget "ShoppingCart" */ = {
			isa = XCConfigurationList;
			buildConfigurations = (
				EF3480C41F1E8D5100733E86 /* Debug */,
				EF3480C51F1E8D5100733E86 /* Release */,
			);
			defaultConfigurationIsVisible = 0;
			defaultConfigurationName = Release;
		};
/* End XCConfigurationList section */

/* Begin XCVersionGroup section */
		EF3480B81F1E8D5100733E86 /* ShoppingCart.xcdatamodeld */ = {
			isa = XCVersionGroup;
			children = (
				EF3480B91F1E8D5100733E86 /* ShoppingCart.xcdatamodel */,
			);
			currentVersion = EF3480B91F1E8D5100733E86 /* ShoppingCart.xcdatamodel */;
			path = ShoppingCart.xcdatamodeld;
			sourceTree = "<group>";
			versionGroupType = wrapper.xcdatamodel;
		};
/* End XCVersionGroup section */
	};
	rootObject = EF3480A11F1E8D5100733E86 /* Project object */;
}
